
Microsoft Visual Studio Solution File, Format Version 12.00
# Visual Studio Version 17
VisualStudioVersion = 17.1.32210.238
MinimumVisualStudioVersion = 10.0.40219.1
Project("{FAE04EC0-301F-11D3-BF4B-00C04F79EFBC}") = "Day5Assignment", "Day5Assignment\Day5Assignment.csproj", "{DFE03D63-C38E-4243-B67F-73E3CF3E1AE4}"
EndProject
Global
	GlobalSection(SolutionConfigurationPlatforms) = preSolution
		Debug|Any CPU = Debug|Any CPU
		Release|Any CPU = Release|Any CPU
	EndGlobalSection
	GlobalSection(ProjectConfigurationPlatforms) = postSolution
		{DFE03D63-C38E-4243-B67F-73E3CF3E1AE4}.Debug|Any CPU.ActiveCfg = Debug|Any CPU
		{DFE03D63-C38E-4243-B67F-73E3CF3E1AE4}.Debug|Any CPU.Build.0 = Debug|Any CPU
		{DFE03D63-C38E-4243-B67F-73E3CF3E1AE4}.Release|Any CPU.ActiveCfg = Release|Any CPU
		{DFE03D63-C38E-4243-B67F-73E3CF3E1AE4}.Release|Any CPU.Build.0 = Release|Any CPU
	EndGlobalSection
	GlobalSection(SolutionProperties) = preSolution
		HideSolutionNode = FALSE
	EndGlobalSection
	GlobalSection(ExtensibilityGlobals) = postSolution
		SolutionGuid = {D6BBC5E0-5AFE-40FF-BBE5-28426ADAC65E}
	EndGlobalSection
EndGlobal
